{
  "name": "uniapp",
  "lockfileVersion": 2,
  "requires": true,
  "packages": {
    "": {
      "dependencies": {
        "dayjs": "^1.10.8",
        "uview-ui": "^2.0.28"
      }
    },
    "node_modules/dayjs": {
      "version": "1.10.8",
      "resolved": "https://registry.npmmirror.com/dayjs/-/dayjs-1.10.8.tgz",
      "integrity": "sha512-wbNwDfBHHur9UOzNUjeKUOJ0fCb0a52Wx0xInmQ7Y8FstyajiV1NmK1e00cxsr9YrE9r7yAChE0VvpuY5Rnlow=="
    },
    "node_modules/uview-ui": {
      "version": "2.0.28",
      "resolved": "https://registry.npmmirror.com/uview-ui/-/uview-ui-2.0.28.tgz",
      "integrity": "sha512-H50WZJg/SIjpv1mcxvMaCcZgOWMyE+iWy7ANe/ZtvZgsPaYzMYzZdhiHl7ml0bA72fSJUseahSVLen8WhCVpRA==",
      "engines": {
        "HBuilderX": "^3.1.0"
      }
    }
  },
  "dependencies": {
    "dayjs": {
      "version": "1.10.8",
      "resolved": "https://registry.npmmirror.com/dayjs/-/dayjs-1.10.8.tgz",
      "integrity": "sha512-wbNwDfBHHur9UOzNUjeKUOJ0fCb0a52Wx0xInmQ7Y8FstyajiV1NmK1e00cxsr9YrE9r7yAChE0VvpuY5Rnlow=="
    },
    "uview-ui": {
      "version": "2.0.28",
      "resolved": "https://registry.npmmirror.com/uview-ui/-/uview-ui-2.0.28.tgz",
      "integrity": "sha512-H50WZJg/SIjpv1mcxvMaCcZgOWMyE+iWy7ANe/ZtvZgsPaYzMYzZdhiHl7ml0bA72fSJUseahSVLen8WhCVpRA=="
    }
  }
}
