# THIS IS AN AUTOGENERATED FILE. DO NOT EDIT THIS FILE DIRECTLY.
# yarn lockfile v1


uview-ui@^2.0.28:
  version "2.0.28"
  resolved "https://registry.npmmirror.com/uview-ui/-/uview-ui-2.0.28.tgz#f30c2a1b2618fe29aa18d8efdd52ce9482ac4117"
  integrity sha512-H50WZJg/SIjpv1mcxvMaCcZgOWMyE+iWy7ANe/ZtvZgsPaYzMYzZdhiHl7ml0bA72fSJUseahSVLen8WhCVpRA==
